
Microsoft Visual Studio Solution File, Format Version 12.00
# Visual Studio Version 16
VisualStudioVersion = 16.0.29409.12
MinimumVisualStudioVersion = 10.0.40219.1
Project("{FAE04EC0-301F-11D3-BF4B-00C04F79EFBC}") = "GameCollector.Android", "GameCollector\GameCollector.Android\GameCollector.Android.csproj", "{B8D69C74-8E6B-4BFD-B67F-77EF7F981AD5}"
EndProject
Project("{FAE04EC0-301F-11D3-BF4B-00C04F79EFBC}") = "GameCollector.iOS", "GameCollector\GameCollector.iOS\GameCollector.iOS.csproj", "{C73A98F5-B3B0-4677-A5AD-A2675AF4503E}"
EndProject
Project("{FAE04EC0-301F-11D3-BF4B-00C04F79EFBC}") = "GameCollector", "GameCollector\GameCollector\GameCollector.csproj", "{BC6BC1C7-D3A0-4F7D-9B93-34E60C8289CF}"
EndProject
Global
	GlobalSection(SolutionConfigurationPlatforms) = preSolution
		Debug|Any CPU = Debug|Any CPU
		Debug|iPhone = Debug|iPhone
		Debug|iPhoneSimulator = Debug|iPhoneSimulator
		Release|Any CPU = Release|Any CPU
		Release|iPhone = Release|iPhone
		Release|iPhoneSimulator = Release|iPhoneSimulator
	EndGlobalSection
	GlobalSection(ProjectConfigurationPlatforms) = postSolution
		{B8D69C74-8E6B-4BFD-B67F-77EF7F981AD5}.Debug|Any CPU.ActiveCfg = Debug|Any CPU
		{B8D69C74-8E6B-4BFD-B67F-77EF7F981AD5}.Debug|Any CPU.Build.0 = Debug|Any CPU
		{B8D69C74-8E6B-4BFD-B67F-77EF7F981AD5}.Debug|Any CPU.Deploy.0 = Debug|Any CPU
		{B8D69C74-8E6B-4BFD-B67F-77EF7F981AD5}.Debug|iPhone.ActiveCfg = Debug|Any CPU
		{B8D69C74-8E6B-4BFD-B67F-77EF7F981AD5}.Debug|iPhone.Build.0 = Debug|Any CPU
		{B8D69C74-8E6B-4BFD-B67F-77EF7F981AD5}.Debug|iPhone.Deploy.0 = Debug|Any CPU
		{B8D69C74-8E6B-4BFD-B67F-77EF7F981AD5}.Debug|iPhoneSimulator.ActiveCfg = Debug|Any CPU
		{B8D69C74-8E6B-4BFD-B67F-77EF7F981AD5}.Debug|iPhoneSimulator.Build.0 = Debug|Any CPU
		{B8D69C74-8E6B-4BFD-B67F-77EF7F981AD5}.Debug|iPhoneSimulator.Deploy.0 = Debug|Any CPU
		{B8D69C74-8E6B-4BFD-B67F-77EF7F981AD5}.Release|Any CPU.ActiveCfg = Release|Any CPU
		{B8D69C74-8E6B-4BFD-B67F-77EF7F981AD5}.Release|Any CPU.Build.0 = Release|Any CPU
		{B8D69C74-8E6B-4BFD-B67F-77EF7F981AD5}.Release|Any CPU.Deploy.0 = Release|Any CPU
		{B8D69C74-8E6B-4BFD-B67F-77EF7F981AD5}.Release|iPhone.ActiveCfg = Release|Any CPU
		{B8D69C74-8E6B-4BFD-B67F-77EF7F981AD5}.Release|iPhone.Build.0 = Release|Any CPU
		{B8D69C74-8E6B-4BFD-B67F-77EF7F981AD5}.Release|iPhone.Deploy.0 = Release|Any CPU
		{B8D69C74-8E6B-4BFD-B67F-77EF7F981AD5}.Release|iPhoneSimulator.ActiveCfg = Release|Any CPU
		{B8D69C74-8E6B-4BFD-B67F-77EF7F981AD5}.Release|iPhoneSimulator.Build.0 = Release|Any CPU
		{B8D69C74-8E6B-4BFD-B67F-77EF7F981AD5}.Release|iPhoneSimulator.Deploy.0 = Release|Any CPU
		{C73A98F5-B3B0-4677-A5AD-A2675AF4503E}.Debug|Any CPU.ActiveCfg = Debug|iPhoneSimulator
		{C73A98F5-B3B0-4677-A5AD-A2675AF4503E}.Debug|Any CPU.Build.0 = Debug|iPhoneSimulator
		{C73A98F5-B3B0-4677-A5AD-A2675AF4503E}.Debug|Any CPU.Deploy.0 = Debug|iPhoneSimulator
		{C73A98F5-B3B0-4677-A5AD-A2675AF4503E}.Debug|iPhone.ActiveCfg = Debug|iPhone
		{C73A98F5-B3B0-4677-A5AD-A2675AF4503E}.Debug|iPhone.Build.0 = Debug|iPhone
		{C73A98F5-B3B0-4677-A5AD-A2675AF4503E}.Debug|iPhone.Deploy.0 = Debug|iPhone
		{C73A98F5-B3B0-4677-A5AD-A2675AF4503E}.Debug|iPhoneSimulator.ActiveCfg = Debug|iPhoneSimulator
		{C73A98F5-B3B0-4677-A5AD-A2675AF4503E}.Debug|iPhoneSimulator.Build.0 = Debug|iPhoneSimulator
		{C73A98F5-B3B0-4677-A5AD-A2675AF4503E}.Debug|iPhoneSimulator.Deploy.0 = Debug|iPhoneSimulator
		{C73A98F5-B3B0-4677-A5AD-A2675AF4503E}.Release|Any CPU.ActiveCfg = Release|iPhone
		{C73A98F5-B3B0-4677-A5AD-A2675AF4503E}.Release|Any CPU.Build.0 = Release|iPhone
		{C73A98F5-B3B0-4677-A5AD-A2675AF4503E}.Release|Any CPU.Deploy.0 = Release|iPhone
		{C73A98F5-B3B0-4677-A5AD-A2675AF4503E}.Release|iPhone.ActiveCfg = Release|iPhone
		{C73A98F5-B3B0-4677-A5AD-A2675AF4503E}.Release|iPhone.Build.0 = Release|iPhone
		{C73A98F5-B3B0-4677-A5AD-A2675AF4503E}.Release|iPhone.Deploy.0 = Release|iPhone
		{C73A98F5-B3B0-4677-A5AD-A2675AF4503E}.Release|iPhoneSimulator.ActiveCfg = Release|iPhoneSimulator
		{C73A98F5-B3B0-4677-A5AD-A2675AF4503E}.Release|iPhoneSimulator.Build.0 = Release|iPhoneSimulator
		{C73A98F5-B3B0-4677-A5AD-A2675AF4503E}.Release|iPhoneSimulator.Deploy.0 = Release|iPhoneSimulator
		{BC6BC1C7-D3A0-4F7D-9B93-34E60C8289CF}.Debug|Any CPU.ActiveCfg = Debug|Any CPU
		{BC6BC1C7-D3A0-4F7D-9B93-34E60C8289CF}.Debug|Any CPU.Build.0 = Debug|Any CPU
		{BC6BC1C7-D3A0-4F7D-9B93-34E60C8289CF}.Debug|Any CPU.Deploy.0 = Debug|Any CPU
		{BC6BC1C7-D3A0-4F7D-9B93-34E60C8289CF}.Debug|iPhone.ActiveCfg = Debug|Any CPU
		{BC6BC1C7-D3A0-4F7D-9B93-34E60C8289CF}.Debug|iPhone.Build.0 = Debug|Any CPU
		{BC6BC1C7-D3A0-4F7D-9B93-34E60C8289CF}.Debug|iPhone.Deploy.0 = Debug|Any CPU
		{BC6BC1C7-D3A0-4F7D-9B93-34E60C8289CF}.Debug|iPhoneSimulator.ActiveCfg = Debug|Any CPU
		{BC6BC1C7-D3A0-4F7D-9B93-34E60C8289CF}.Debug|iPhoneSimulator.Build.0 = Debug|Any CPU
		{BC6BC1C7-D3A0-4F7D-9B93-34E60C8289CF}.Debug|iPhoneSimulator.Deploy.0 = Debug|Any CPU
		{BC6BC1C7-D3A0-4F7D-9B93-34E60C8289CF}.Release|Any CPU.ActiveCfg = Release|Any CPU
		{BC6BC1C7-D3A0-4F7D-9B93-34E60C8289CF}.Release|Any CPU.Build.0 = Release|Any CPU
		{BC6BC1C7-D3A0-4F7D-9B93-34E60C8289CF}.Release|Any CPU.Deploy.0 = Release|Any CPU
		{BC6BC1C7-D3A0-4F7D-9B93-34E60C8289CF}.Release|iPhone.ActiveCfg = Release|Any CPU
		{BC6BC1C7-D3A0-4F7D-9B93-34E60C8289CF}.Release|iPhone.Build.0 = Release|Any CPU
		{BC6BC1C7-D3A0-4F7D-9B93-34E60C8289CF}.Release|iPhone.Deploy.0 = Release|Any CPU
		{BC6BC1C7-D3A0-4F7D-9B93-34E60C8289CF}.Release|iPhoneSimulator.ActiveCfg = Release|Any CPU
		{BC6BC1C7-D3A0-4F7D-9B93-34E60C8289CF}.Release|iPhoneSimulator.Build.0 = Release|Any CPU
		{BC6BC1C7-D3A0-4F7D-9B93-34E60C8289CF}.Release|iPhoneSimulator.Deploy.0 = Release|Any CPU
	EndGlobalSection
	GlobalSection(SolutionProperties) = preSolution
		HideSolutionNode = FALSE
	EndGlobalSection
	GlobalSection(ExtensibilityGlobals) = postSolution
		SolutionGuid = {922F001C-26AD-4BCE-8356-49E76E511B26}
	EndGlobalSection
EndGlobal
